
Microsoft Visual Studio Solution File, Format Version 12.00
# Visual Studio 14
VisualStudioVersion = 14.0.25420.1
MinimumVisualStudioVersion = 10.0.40219.1
Project("{FAE04EC0-301F-11D3-BF4B-00C04F79EFBC}") = "slidepuzzle", "slidepuzzle\slidepuzzle\slidepuzzle.csproj", "{E3985C3D-BB52-4DC3-BE21-6BA9556DF76D}"
EndProject
Project("{FAE04EC0-301F-11D3-BF4B-00C04F79EFBC}") = "slidepuzzle.Droid", "slidepuzzle\slidepuzzle.Droid\slidepuzzle.Droid.csproj", "{9D9EA02F-30F6-4717-B93C-833D93A3172B}"
EndProject
Project("{FAE04EC0-301F-11D3-BF4B-00C04F79EFBC}") = "slidepuzzle.iOS", "slidepuzzle\slidepuzzle.iOS\slidepuzzle.iOS.csproj", "{E386ED1E-2F78-4801-8B7A-E6C23319113E}"
EndProject
Project("{FAE04EC0-301F-11D3-BF4B-00C04F79EFBC}") = "slidepuzzle.WinPhone", "slidepuzzle\slidepuzzle.WinPhone\slidepuzzle.WinPhone.csproj", "{2EB6EDA0-7AB7-4D52-A680-2C15425A3950}"
EndProject
Project("{FAE04EC0-301F-11D3-BF4B-00C04F79EFBC}") = "slidepuzzle.UWP", "slidepuzzle\slidepuzzle.UWP\slidepuzzle.UWP.csproj", "{D4817B3D-8041-48BF-BC41-24833B440CB2}"
EndProject
Project("{FAE04EC0-301F-11D3-BF4B-00C04F79EFBC}") = "slidepuzzle.Windows", "slidepuzzle\slidepuzzle.Windows\slidepuzzle.Windows.csproj", "{C881EB30-0E6A-4E02-A140-E056DCCCC964}"
EndProject
Global
	GlobalSection(SolutionConfigurationPlatforms) = preSolution
		Ad-Hoc|Any CPU = Ad-Hoc|Any CPU
		Ad-Hoc|ARM = Ad-Hoc|ARM
		Ad-Hoc|iPhone = Ad-Hoc|iPhone
		Ad-Hoc|iPhoneSimulator = Ad-Hoc|iPhoneSimulator
		Ad-Hoc|x64 = Ad-Hoc|x64
		Ad-Hoc|x86 = Ad-Hoc|x86
		AppStore|Any CPU = AppStore|Any CPU
		AppStore|ARM = AppStore|ARM
		AppStore|iPhone = AppStore|iPhone
		AppStore|iPhoneSimulator = AppStore|iPhoneSimulator
		AppStore|x64 = AppStore|x64
		AppStore|x86 = AppStore|x86
		Debug|Any CPU = Debug|Any CPU
		Debug|ARM = Debug|ARM
		Debug|iPhone = Debug|iPhone
		Debug|iPhoneSimulator = Debug|iPhoneSimulator
		Debug|x64 = Debug|x64
		Debug|x86 = Debug|x86
		Release|Any CPU = Release|Any CPU
		Release|ARM = Release|ARM
		Release|iPhone = Release|iPhone
		Release|iPhoneSimulator = Release|iPhoneSimulator
		Release|x64 = Release|x64
		Release|x86 = Release|x86
	EndGlobalSection
	GlobalSection(ProjectConfigurationPlatforms) = postSolution
		{E3985C3D-BB52-4DC3-BE21-6BA9556DF76D}.Ad-Hoc|Any CPU.ActiveCfg = Release|Any CPU
		{E3985C3D-BB52-4DC3-BE21-6BA9556DF76D}.Ad-Hoc|Any CPU.Build.0 = Release|Any CPU
		{E3985C3D-BB52-4DC3-BE21-6BA9556DF76D}.Ad-Hoc|ARM.ActiveCfg = Release|Any CPU
		{E3985C3D-BB52-4DC3-BE21-6BA9556DF76D}.Ad-Hoc|ARM.Build.0 = Release|Any CPU
		{E3985C3D-BB52-4DC3-BE21-6BA9556DF76D}.Ad-Hoc|iPhone.ActiveCfg = Release|Any CPU
		{E3985C3D-BB52-4DC3-BE21-6BA9556DF76D}.Ad-Hoc|iPhone.Build.0 = Release|Any CPU
		{E3985C3D-BB52-4DC3-BE21-6BA9556DF76D}.Ad-Hoc|iPhoneSimulator.ActiveCfg = Release|Any CPU
		{E3985C3D-BB52-4DC3-BE21-6BA9556DF76D}.Ad-Hoc|iPhoneSimulator.Build.0 = Release|Any CPU
		{E3985C3D-BB52-4DC3-BE21-6BA9556DF76D}.Ad-Hoc|x64.ActiveCfg = Release|Any CPU
		{E3985C3D-BB52-4DC3-BE21-6BA9556DF76D}.Ad-Hoc|x64.Build.0 = Release|Any CPU
		{E3985C3D-BB52-4DC3-BE21-6BA9556DF76D}.Ad-Hoc|x86.ActiveCfg = Release|Any CPU
		{E3985C3D-BB52-4DC3-BE21-6BA9556DF76D}.Ad-Hoc|x86.Build.0 = Release|Any CPU
		{E3985C3D-BB52-4DC3-BE21-6BA9556DF76D}.AppStore|Any CPU.ActiveCfg = Release|Any CPU
		{E3985C3D-BB52-4DC3-BE21-6BA9556DF76D}.AppStore|Any CPU.Build.0 = Release|Any CPU
		{E3985C3D-BB52-4DC3-BE21-6BA9556DF76D}.AppStore|ARM.ActiveCfg = Release|Any CPU
		{E3985C3D-BB52-4DC3-BE21-6BA9556DF76D}.AppStore|ARM.Build.0 = Release|Any CPU
		{E3985C3D-BB52-4DC3-BE21-6BA9556DF76D}.AppStore|iPhone.ActiveCfg = Release|Any CPU
		{E3985C3D-BB52-4DC3-BE21-6BA9556DF76D}.AppStore|iPhone.Build.0 = Release|Any CPU
		{E3985C3D-BB52-4DC3-BE21-6BA9556DF76D}.AppStore|iPhoneSimulator.ActiveCfg = Release|Any CPU
		{E3985C3D-BB52-4DC3-BE21-6BA9556DF76D}.AppStore|iPhoneSimulator.Build.0 = Release|Any CPU
		{E3985C3D-BB52-4DC3-BE21-6BA9556DF76D}.AppStore|x64.ActiveCfg = Release|Any CPU
		{E3985C3D-BB52-4DC3-BE21-6BA9556DF76D}.AppStore|x64.Build.0 = Release|Any CPU
		{E3985C3D-BB52-4DC3-BE21-6BA9556DF76D}.AppStore|x86.ActiveCfg = Release|Any CPU
		{E3985C3D-BB52-4DC3-BE21-6BA9556DF76D}.AppStore|x86.Build.0 = Release|Any CPU
		{E3985C3D-BB52-4DC3-BE21-6BA9556DF76D}.Debug|Any CPU.ActiveCfg = Debug|Any CPU
		{E3985C3D-BB52-4DC3-BE21-6BA9556DF76D}.Debug|Any CPU.Build.0 = Debug|Any CPU
		{E3985C3D-BB52-4DC3-BE21-6BA9556DF76D}.Debug|ARM.ActiveCfg = Debug|Any CPU
		{E3985C3D-BB52-4DC3-BE21-6BA9556DF76D}.Debug|ARM.Build.0 = Debug|Any CPU
		{E3985C3D-BB52-4DC3-BE21-6BA9556DF76D}.Debug|iPhone.ActiveCfg = Debug|Any CPU
		{E3985C3D-BB52-4DC3-BE21-6BA9556DF76D}.Debug|iPhone.Build.0 = Debug|Any CPU
		{E3985C3D-BB52-4DC3-BE21-6BA9556DF76D}.Debug|iPhoneSimulator.ActiveCfg = Debug|Any CPU
		{E3985C3D-BB52-4DC3-BE21-6BA9556DF76D}.Debug|iPhoneSimulator.Build.0 = Debug|Any CPU
		{E3985C3D-BB52-4DC3-BE21-6BA9556DF76D}.Debug|x64.ActiveCfg = Debug|Any CPU
		{E3985C3D-BB52-4DC3-BE21-6BA9556DF76D}.Debug|x64.Build.0 = Debug|Any CPU
		{E3985C3D-BB52-4DC3-BE21-6BA9556DF76D}.Debug|x86.ActiveCfg = Debug|Any CPU
		{E3985C3D-BB52-4DC3-BE21-6BA9556DF76D}.Debug|x86.Build.0 = Debug|Any CPU
		{E3985C3D-BB52-4DC3-BE21-6BA9556DF76D}.Release|Any CPU.ActiveCfg = Release|Any CPU
		{E3985C3D-BB52-4DC3-BE21-6BA9556DF76D}.Release|Any CPU.Build.0 = Release|Any CPU
		{E3985C3D-BB52-4DC3-BE21-6BA9556DF76D}.Release|ARM.ActiveCfg = Release|Any CPU
		{E3985C3D-BB52-4DC3-BE21-6BA9556DF76D}.Release|ARM.Build.0 = Release|Any CPU
		{E3985C3D-BB52-4DC3-BE21-6BA9556DF76D}.Release|iPhone.ActiveCfg = Release|Any CPU
		{E3985C3D-BB52-4DC3-BE21-6BA9556DF76D}.Release|iPhone.Build.0 = Release|Any CPU
		{E3985C3D-BB52-4DC3-BE21-6BA9556DF76D}.Release|iPhoneSimulator.ActiveCfg = Release|Any CPU
		{E3985C3D-BB52-4DC3-BE21-6BA9556DF76D}.Release|iPhoneSimulator.Build.0 = Release|Any CPU
		{E3985C3D-BB52-4DC3-BE21-6BA9556DF76D}.Release|x64.ActiveCfg = Release|Any CPU
		{E3985C3D-BB52-4DC3-BE21-6BA9556DF76D}.Release|x64.Build.0 = Release|Any CPU
		{E3985C3D-BB52-4DC3-BE21-6BA9556DF76D}.Release|x86.ActiveCfg = Release|Any CPU
		{E3985C3D-BB52-4DC3-BE21-6BA9556DF76D}.Release|x86.Build.0 = Release|Any CPU
		{9D9EA02F-30F6-4717-B93C-833D93A3172B}.Ad-Hoc|Any CPU.ActiveCfg = Release|Any CPU
		{9D9EA02F-30F6-4717-B93C-833D93A3172B}.Ad-Hoc|Any CPU.Build.0 = Release|Any CPU
		{9D9EA02F-30F6-4717-B93C-833D93A3172B}.Ad-Hoc|Any CPU.Deploy.0 = Release|Any CPU
		{9D9EA02F-30F6-4717-B93C-833D93A3172B}.Ad-Hoc|ARM.ActiveCfg = Release|Any CPU
		{9D9EA02F-30F6-4717-B93C-833D93A3172B}.Ad-Hoc|ARM.Build.0 = Release|Any CPU
		{9D9EA02F-30F6-4717-B93C-833D93A3172B}.Ad-Hoc|ARM.Deploy.0 = Release|Any CPU
		{9D9EA02F-30F6-4717-B93C-833D93A3172B}.Ad-Hoc|iPhone.ActiveCfg = Release|Any CPU
		{9D9EA02F-30F6-4717-B93C-833D93A3172B}.Ad-Hoc|iPhone.Build.0 = Release|Any CPU
		{9D9EA02F-30F6-4717-B93C-833D93A3172B}.Ad-Hoc|iPhone.Deploy.0 = Release|Any CPU
		{9D9EA02F-30F6-4717-B93C-833D93A3172B}.Ad-Hoc|iPhoneSimulator.ActiveCfg = Release|Any CPU
		{9D9EA02F-30F6-4717-B93C-833D93A3172B}.Ad-Hoc|iPhoneSimulator.Build.0 = Release|Any CPU
		{9D9EA02F-30F6-4717-B93C-833D93A3172B}.Ad-Hoc|iPhoneSimulator.Deploy.0 = Release|Any CPU
		{9D9EA02F-30F6-4717-B93C-833D93A3172B}.Ad-Hoc|x64.ActiveCfg = Release|Any CPU
		{9D9EA02F-30F6-4717-B93C-833D93A3172B}.Ad-Hoc|x64.Build.0 = Release|Any CPU
		{9D9EA02F-30F6-4717-B93C-833D93A3172B}.Ad-Hoc|x64.Deploy.0 = Release|Any CPU
		{9D9EA02F-30F6-4717-B93C-833D93A3172B}.Ad-Hoc|x86.ActiveCfg = Release|Any CPU
		{9D9EA02F-30F6-4717-B93C-833D93A3172B}.Ad-Hoc|x86.Build.0 = Release|Any CPU
		{9D9EA02F-30F6-4717-B93C-833D93A3172B}.Ad-Hoc|x86.Deploy.0 = Release|Any CPU
		{9D9EA02F-30F6-4717-B93C-833D93A3172B}.AppStore|Any CPU.ActiveCfg = Release|Any CPU
		{9D9EA02F-30F6-4717-B93C-833D93A3172B}.AppStore|Any CPU.Build.0 = Release|Any CPU
		{9D9EA02F-30F6-4717-B93C-833D93A3172B}.AppStore|Any CPU.Deploy.0 = Release|Any CPU
		{9D9EA02F-30F6-4717-B93C-833D93A3172B}.AppStore|ARM.ActiveCfg = Release|Any CPU
		{9D9EA02F-30F6-4717-B93C-833D93A3172B}.AppStore|ARM.Build.0 = Release|Any CPU
		{9D9EA02F-30F6-4717-B93C-833D93A3172B}.AppStore|ARM.Deploy.0 = Release|Any CPU
		{9D9EA02F-30F6-4717-B93C-833D93A3172B}.AppStore|iPhone.ActiveCfg = Release|Any CPU
		{9D9EA02F-30F6-4717-B93C-833D93A3172B}.AppStore|iPhone.Build.0 = Release|Any CPU
		{9D9EA02F-30F6-4717-B93C-833D93A3172B}.AppStore|iPhone.Deploy.0 = Release|Any CPU
		{9D9EA02F-30F6-4717-B93C-833D93A3172B}.AppStore|iPhoneSimulator.ActiveCfg = Release|Any CPU
		{9D9EA02F-30F6-4717-B93C-833D93A3172B}.AppStore|iPhoneSimulator.Build.0 = Release|Any CPU
		{9D9EA02F-30F6-4717-B93C-833D93A3172B}.AppStore|iPhoneSimulator.Deploy.0 = Release|Any CPU
		{9D9EA02F-30F6-4717-B93C-833D93A3172B}.AppStore|x64.ActiveCfg = Release|Any CPU
		{9D9EA02F-30F6-4717-B93C-833D93A3172B}.AppStore|x64.Build.0 = Release|Any CPU
		{9D9EA02F-30F6-4717-B93C-833D93A3172B}.AppStore|x64.Deploy.0 = Release|Any CPU
		{9D9EA02F-30F6-4717-B93C-833D93A3172B}.AppStore|x86.ActiveCfg = Release|Any CPU
		{9D9EA02F-30F6-4717-B93C-833D93A3172B}.AppStore|x86.Build.0 = Release|Any CPU
		{9D9EA02F-30F6-4717-B93C-833D93A3172B}.AppStore|x86.Deploy.0 = Release|Any CPU
		{9D9EA02F-30F6-4717-B93C-833D93A3172B}.Debug|Any CPU.ActiveCfg = Debug|Any CPU
		{9D9EA02F-30F6-4717-B93C-833D93A3172B}.Debug|Any CPU.Build.0 = Debug|Any CPU
		{9D9EA02F-30F6-4717-B93C-833D93A3172B}.Debug|Any CPU.Deploy.0 = Debug|Any CPU
		{9D9EA02F-30F6-4717-B93C-833D93A3172B}.Debug|ARM.ActiveCfg = Debug|Any CPU
		{9D9EA02F-30F6-4717-B93C-833D93A3172B}.Debug|ARM.Build.0 = Debug|Any CPU
		{9D9EA02F-30F6-4717-B93C-833D93A3172B}.Debug|ARM.Deploy.0 = Debug|Any CPU
		{9D9EA02F-30F6-4717-B93C-833D93A3172B}.Debug|iPhone.ActiveCfg = Debug|Any CPU
		{9D9EA02F-30F6-4717-B93C-833D93A3172B}.Debug|iPhone.Build.0 = Debug|Any CPU
		{9D9EA02F-30F6-4717-B93C-833D93A3172B}.Debug|iPhone.Deploy.0 = Debug|Any CPU
		{9D9EA02F-30F6-4717-B93C-833D93A3172B}.Debug|iPhoneSimulator.ActiveCfg = Debug|Any CPU
		{9D9EA02F-30F6-4717-B93C-833D93A3172B}.Debug|iPhoneSimulator.Build.0 = Debug|Any CPU
		{9D9EA02F-30F6-4717-B93C-833D93A3172B}.Debug|iPhoneSimulator.Deploy.0 = Debug|Any CPU
		{9D9EA02F-30F6-4717-B93C-833D93A3172B}.Debug|x64.ActiveCfg = Debug|Any CPU
		{9D9EA02F-30F6-4717-B93C-833D93A3172B}.Debug|x64.Build.0 = Debug|Any CPU
		{9D9EA02F-30F6-4717-B93C-833D93A3172B}.Debug|x64.Deploy.0 = Debug|Any CPU
		{9D9EA02F-30F6-4717-B93C-833D93A3172B}.Debug|x86.ActiveCfg = Debug|Any CPU
		{9D9EA02F-30F6-4717-B93C-833D93A3172B}.Debug|x86.Build.0 = Debug|Any CPU
		{9D9EA02F-30F6-4717-B93C-833D93A3172B}.Debug|x86.Deploy.0 = Debug|Any CPU
		{9D9EA02F-30F6-4717-B93C-833D93A3172B}.Release|Any CPU.ActiveCfg = Release|Any CPU
		{9D9EA02F-30F6-4717-B93C-833D93A3172B}.Release|Any CPU.Build.0 = Release|Any CPU
		{9D9EA02F-30F6-4717-B93C-833D93A3172B}.Release|Any CPU.Deploy.0 = Release|Any CPU
		{9D9EA02F-30F6-4717-B93C-833D93A3172B}.Release|ARM.ActiveCfg = Release|Any CPU
		{9D9EA02F-30F6-4717-B93C-833D93A3172B}.Release|ARM.Build.0 = Release|Any CPU
		{9D9EA02F-30F6-4717-B93C-833D93A3172B}.Release|ARM.Deploy.0 = Release|Any CPU
		{9D9EA02F-30F6-4717-B93C-833D93A3172B}.Release|iPhone.ActiveCfg = Release|Any CPU
		{9D9EA02F-30F6-4717-B93C-833D93A3172B}.Release|iPhone.Build.0 = Release|Any CPU
		{9D9EA02F-30F6-4717-B93C-833D93A3172B}.Release|iPhone.Deploy.0 = Release|Any CPU
		{9D9EA02F-30F6-4717-B93C-833D93A3172B}.Release|iPhoneSimulator.ActiveCfg = Release|Any CPU
		{9D9EA02F-30F6-4717-B93C-833D93A3172B}.Release|iPhoneSimulator.Build.0 = Release|Any CPU
		{9D9EA02F-30F6-4717-B93C-833D93A3172B}.Release|iPhoneSimulator.Deploy.0 = Release|Any CPU
		{9D9EA02F-30F6-4717-B93C-833D93A3172B}.Release|x64.ActiveCfg = Release|Any CPU
		{9D9EA02F-30F6-4717-B93C-833D93A3172B}.Release|x64.Build.0 = Release|Any CPU
		{9D9EA02F-30F6-4717-B93C-833D93A3172B}.Release|x64.Deploy.0 = Release|Any CPU
		{9D9EA02F-30F6-4717-B93C-833D93A3172B}.Release|x86.ActiveCfg = Release|Any CPU
		{9D9EA02F-30F6-4717-B93C-833D93A3172B}.Release|x86.Build.0 = Release|Any CPU
		{9D9EA02F-30F6-4717-B93C-833D93A3172B}.Release|x86.Deploy.0 = Release|Any CPU
		{E386ED1E-2F78-4801-8B7A-E6C23319113E}.Ad-Hoc|Any CPU.ActiveCfg = Ad-Hoc|iPhone
		{E386ED1E-2F78-4801-8B7A-E6C23319113E}.Ad-Hoc|ARM.ActiveCfg = Ad-Hoc|iPhone
		{E386ED1E-2F78-4801-8B7A-E6C23319113E}.Ad-Hoc|iPhone.ActiveCfg = Ad-Hoc|iPhone
		{E386ED1E-2F78-4801-8B7A-E6C23319113E}.Ad-Hoc|iPhone.Build.0 = Ad-Hoc|iPhone
		{E386ED1E-2F78-4801-8B7A-E6C23319113E}.Ad-Hoc|iPhoneSimulator.ActiveCfg = Ad-Hoc|iPhoneSimulator
		{E386ED1E-2F78-4801-8B7A-E6C23319113E}.Ad-Hoc|iPhoneSimulator.Build.0 = Ad-Hoc|iPhoneSimulator
		{E386ED1E-2F78-4801-8B7A-E6C23319113E}.Ad-Hoc|x64.ActiveCfg = Ad-Hoc|iPhone
		{E386ED1E-2F78-4801-8B7A-E6C23319113E}.Ad-Hoc|x86.ActiveCfg = Ad-Hoc|iPhone
		{E386ED1E-2F78-4801-8B7A-E6C23319113E}.AppStore|Any CPU.ActiveCfg = AppStore|iPhone
		{E386ED1E-2F78-4801-8B7A-E6C23319113E}.AppStore|ARM.ActiveCfg = AppStore|iPhone
		{E386ED1E-2F78-4801-8B7A-E6C23319113E}.AppStore|iPhone.ActiveCfg = AppStore|iPhone
		{E386ED1E-2F78-4801-8B7A-E6C23319113E}.AppStore|iPhone.Build.0 = AppStore|iPhone
		{E386ED1E-2F78-4801-8B7A-E6C23319113E}.AppStore|iPhoneSimulator.ActiveCfg = AppStore|iPhoneSimulator
		{E386ED1E-2F78-4801-8B7A-E6C23319113E}.AppStore|iPhoneSimulator.Build.0 = AppStore|iPhoneSimulator
		{E386ED1E-2F78-4801-8B7A-E6C23319113E}.AppStore|x64.ActiveCfg = AppStore|iPhone
		{E386ED1E-2F78-4801-8B7A-E6C23319113E}.AppStore|x86.ActiveCfg = AppStore|iPhone
		{E386ED1E-2F78-4801-8B7A-E6C23319113E}.Debug|Any CPU.ActiveCfg = Debug|iPhone
		{E386ED1E-2F78-4801-8B7A-E6C23319113E}.Debug|ARM.ActiveCfg = Debug|iPhone
		{E386ED1E-2F78-4801-8B7A-E6C23319113E}.Debug|iPhone.ActiveCfg = Debug|iPhone
		{E386ED1E-2F78-4801-8B7A-E6C23319113E}.Debug|iPhone.Build.0 = Debug|iPhone
		{E386ED1E-2F78-4801-8B7A-E6C23319113E}.Debug|iPhoneSimulator.ActiveCfg = Debug|iPhoneSimulator
		{E386ED1E-2F78-4801-8B7A-E6C23319113E}.Debug|iPhoneSimulator.Build.0 = Debug|iPhoneSimulator
		{E386ED1E-2F78-4801-8B7A-E6C23319113E}.Debug|x64.ActiveCfg = Debug|iPhone
		{E386ED1E-2F78-4801-8B7A-E6C23319113E}.Debug|x86.ActiveCfg = Debug|iPhone
		{E386ED1E-2F78-4801-8B7A-E6C23319113E}.Release|Any CPU.ActiveCfg = Release|iPhone
		{E386ED1E-2F78-4801-8B7A-E6C23319113E}.Release|ARM.ActiveCfg = Release|iPhone
		{E386ED1E-2F78-4801-8B7A-E6C23319113E}.Release|iPhone.ActiveCfg = Release|iPhone
		{E386ED1E-2F78-4801-8B7A-E6C23319113E}.Release|iPhone.Build.0 = Release|iPhone
		{E386ED1E-2F78-4801-8B7A-E6C23319113E}.Release|iPhoneSimulator.ActiveCfg = Release|iPhoneSimulator
		{E386ED1E-2F78-4801-8B7A-E6C23319113E}.Release|iPhoneSimulator.Build.0 = Release|iPhoneSimulator
		{E386ED1E-2F78-4801-8B7A-E6C23319113E}.Release|x64.ActiveCfg = Release|iPhone
		{E386ED1E-2F78-4801-8B7A-E6C23319113E}.Release|x86.ActiveCfg = Release|iPhone
		{2EB6EDA0-7AB7-4D52-A680-2C15425A3950}.Ad-Hoc|Any CPU.ActiveCfg = Release|Any CPU
		{2EB6EDA0-7AB7-4D52-A680-2C15425A3950}.Ad-Hoc|Any CPU.Build.0 = Release|Any CPU
		{2EB6EDA0-7AB7-4D52-A680-2C15425A3950}.Ad-Hoc|Any CPU.Deploy.0 = Release|Any CPU
		{2EB6EDA0-7AB7-4D52-A680-2C15425A3950}.Ad-Hoc|ARM.ActiveCfg = Release|ARM
		{2EB6EDA0-7AB7-4D52-A680-2C15425A3950}.Ad-Hoc|ARM.Build.0 = Release|ARM
		{2EB6EDA0-7AB7-4D52-A680-2C15425A3950}.Ad-Hoc|ARM.Deploy.0 = Release|ARM
		{2EB6EDA0-7AB7-4D52-A680-2C15425A3950}.Ad-Hoc|iPhone.ActiveCfg = Release|Any CPU
		{2EB6EDA0-7AB7-4D52-A680-2C15425A3950}.Ad-Hoc|iPhone.Build.0 = Release|Any CPU
		{2EB6EDA0-7AB7-4D52-A680-2C15425A3950}.Ad-Hoc|iPhone.Deploy.0 = Release|Any CPU
		{2EB6EDA0-7AB7-4D52-A680-2C15425A3950}.Ad-Hoc|iPhoneSimulator.ActiveCfg = Release|Any CPU
		{2EB6EDA0-7AB7-4D52-A680-2C15425A3950}.Ad-Hoc|iPhoneSimulator.Build.0 = Release|Any CPU
		{2EB6EDA0-7AB7-4D52-A680-2C15425A3950}.Ad-Hoc|iPhoneSimulator.Deploy.0 = Release|Any CPU
		{2EB6EDA0-7AB7-4D52-A680-2C15425A3950}.Ad-Hoc|x64.ActiveCfg = Release|Any CPU
		{2EB6EDA0-7AB7-4D52-A680-2C15425A3950}.Ad-Hoc|x64.Build.0 = Release|Any CPU
		{2EB6EDA0-7AB7-4D52-A680-2C15425A3950}.Ad-Hoc|x64.Deploy.0 = Release|Any CPU
		{2EB6EDA0-7AB7-4D52-A680-2C15425A3950}.Ad-Hoc|x86.ActiveCfg = Release|x86
		{2EB6EDA0-7AB7-4D52-A680-2C15425A3950}.Ad-Hoc|x86.Build.0 = Release|x86
		{2EB6EDA0-7AB7-4D52-A680-2C15425A3950}.Ad-Hoc|x86.Deploy.0 = Release|x86
		{2EB6EDA0-7AB7-4D52-A680-2C15425A3950}.AppStore|Any CPU.ActiveCfg = Release|Any CPU
		{2EB6EDA0-7AB7-4D52-A680-2C15425A3950}.AppStore|Any CPU.Build.0 = Release|Any CPU
		{2EB6EDA0-7AB7-4D52-A680-2C15425A3950}.AppStore|Any CPU.Deploy.0 = Release|Any CPU
		{2EB6EDA0-7AB7-4D52-A680-2C15425A3950}.AppStore|ARM.ActiveCfg = Release|ARM
		{2EB6EDA0-7AB7-4D52-A680-2C15425A3950}.AppStore|ARM.Build.0 = Release|ARM
		{2EB6EDA0-7AB7-4D52-A680-2C15425A3950}.AppStore|ARM.Deploy.0 = Release|ARM
		{2EB6EDA0-7AB7-4D52-A680-2C15425A3950}.AppStore|iPhone.ActiveCfg = Release|Any CPU
		{2EB6EDA0-7AB7-4D52-A680-2C15425A3950}.AppStore|iPhone.Build.0 = Release|Any CPU
		{2EB6EDA0-7AB7-4D52-A680-2C15425A3950}.AppStore|iPhone.Deploy.0 = Release|Any CPU
		{2EB6EDA0-7AB7-4D52-A680-2C15425A3950}.AppStore|iPhoneSimulator.ActiveCfg = Release|Any CPU
		{2EB6EDA0-7AB7-4D52-A680-2C15425A3950}.AppStore|iPhoneSimulator.Build.0 = Release|Any CPU
		{2EB6EDA0-7AB7-4D52-A680-2C15425A3950}.AppStore|iPhoneSimulator.Deploy.0 = Release|Any CPU
		{2EB6EDA0-7AB7-4D52-A680-2C15425A3950}.AppStore|x64.ActiveCfg = Release|Any CPU
		{2EB6EDA0-7AB7-4D52-A680-2C15425A3950}.AppStore|x64.Build.0 = Release|Any CPU
		{2EB6EDA0-7AB7-4D52-A680-2C15425A3950}.AppStore|x64.Deploy.0 = Release|Any CPU
		{2EB6EDA0-7AB7-4D52-A680-2C15425A3950}.AppStore|x86.ActiveCfg = Release|x86
		{2EB6EDA0-7AB7-4D52-A680-2C15425A3950}.AppStore|x86.Build.0 = Release|x86
		{2EB6EDA0-7AB7-4D52-A680-2C15425A3950}.AppStore|x86.Deploy.0 = Release|x86
		{2EB6EDA0-7AB7-4D52-A680-2C15425A3950}.Debug|Any CPU.ActiveCfg = Debug|Any CPU
		{2EB6EDA0-7AB7-4D52-A680-2C15425A3950}.Debug|Any CPU.Build.0 = Debug|Any CPU
		{2EB6EDA0-7AB7-4D52-A680-2C15425A3950}.Debug|Any CPU.Deploy.0 = Debug|Any CPU
		{2EB6EDA0-7AB7-4D52-A680-2C15425A3950}.Debug|ARM.ActiveCfg = Debug|ARM
		{2EB6EDA0-7AB7-4D52-A680-2C15425A3950}.Debug|ARM.Build.0 = Debug|ARM
		{2EB6EDA0-7AB7-4D52-A680-2C15425A3950}.Debug|ARM.Deploy.0 = Debug|ARM
		{2EB6EDA0-7AB7-4D52-A680-2C15425A3950}.Debug|iPhone.ActiveCfg = Debug|Any CPU
		{2EB6EDA0-7AB7-4D52-A680-2C15425A3950}.Debug|iPhone.Build.0 = Debug|Any CPU
		{2EB6EDA0-7AB7-4D52-A680-2C15425A3950}.Debug|iPhone.Deploy.0 = Debug|Any CPU
		{2EB6EDA0-7AB7-4D52-A680-2C15425A3950}.Debug|iPhoneSimulator.ActiveCfg = Debug|Any CPU
		{2EB6EDA0-7AB7-4D52-A680-2C15425A3950}.Debug|iPhoneSimulator.Build.0 = Debug|Any CPU
		{2EB6EDA0-7AB7-4D52-A680-2C15425A3950}.Debug|iPhoneSimulator.Deploy.0 = Debug|Any CPU
		{2EB6EDA0-7AB7-4D52-A680-2C15425A3950}.Debug|x64.ActiveCfg = Debug|Any CPU
		{2EB6EDA0-7AB7-4D52-A680-2C15425A3950}.Debug|x64.Build.0 = Debug|Any CPU
		{2EB6EDA0-7AB7-4D52-A680-2C15425A3950}.Debug|x64.Deploy.0 = Debug|Any CPU
		{2EB6EDA0-7AB7-4D52-A680-2C15425A3950}.Debug|x86.ActiveCfg = Debug|x86
		{2EB6EDA0-7AB7-4D52-A680-2C15425A3950}.Debug|x86.Build.0 = Debug|x86
		{2EB6EDA0-7AB7-4D52-A680-2C15425A3950}.Debug|x86.Deploy.0 = Debug|x86
		{2EB6EDA0-7AB7-4D52-A680-2C15425A3950}.Release|Any CPU.ActiveCfg = Release|Any CPU
		{2EB6EDA0-7AB7-4D52-A680-2C15425A3950}.Release|Any CPU.Build.0 = Release|Any CPU
		{2EB6EDA0-7AB7-4D52-A680-2C15425A3950}.Release|Any CPU.Deploy.0 = Release|Any CPU
		{2EB6EDA0-7AB7-4D52-A680-2C15425A3950}.Release|ARM.ActiveCfg = Release|ARM
		{2EB6EDA0-7AB7-4D52-A680-2C15425A3950}.Release|ARM.Build.0 = Release|ARM
		{2EB6EDA0-7AB7-4D52-A680-2C15425A3950}.Release|ARM.Deploy.0 = Release|ARM
		{2EB6EDA0-7AB7-4D52-A680-2C15425A3950}.Release|iPhone.ActiveCfg = Release|Any CPU
		{2EB6EDA0-7AB7-4D52-A680-2C15425A3950}.Release|iPhone.Build.0 = Release|Any CPU
		{2EB6EDA0-7AB7-4D52-A680-2C15425A3950}.Release|iPhone.Deploy.0 = Release|Any CPU
		{2EB6EDA0-7AB7-4D52-A680-2C15425A3950}.Release|iPhoneSimulator.ActiveCfg = Release|Any CPU
		{2EB6EDA0-7AB7-4D52-A680-2C15425A3950}.Release|iPhoneSimulator.Build.0 = Release|Any CPU
		{2EB6EDA0-7AB7-4D52-A680-2C15425A3950}.Release|iPhoneSimulator.Deploy.0 = Release|Any CPU
		{2EB6EDA0-7AB7-4D52-A680-2C15425A3950}.Release|x64.ActiveCfg = Release|Any CPU
		{2EB6EDA0-7AB7-4D52-A680-2C15425A3950}.Release|x64.Build.0 = Release|Any CPU
		{2EB6EDA0-7AB7-4D52-A680-2C15425A3950}.Release|x64.Deploy.0 = Release|Any CPU
		{2EB6EDA0-7AB7-4D52-A680-2C15425A3950}.Release|x86.ActiveCfg = Release|x86
		{2EB6EDA0-7AB7-4D52-A680-2C15425A3950}.Release|x86.Build.0 = Release|x86
		{2EB6EDA0-7AB7-4D52-A680-2C15425A3950}.Release|x86.Deploy.0 = Release|x86
		{D4817B3D-8041-48BF-BC41-24833B440CB2}.Ad-Hoc|Any CPU.ActiveCfg = Release|x86
		{D4817B3D-8041-48BF-BC41-24833B440CB2}.Ad-Hoc|Any CPU.Build.0 = Release|x86
		{D4817B3D-8041-48BF-BC41-24833B440CB2}.Ad-Hoc|Any CPU.Deploy.0 = Release|x86
		{D4817B3D-8041-48BF-BC41-24833B440CB2}.Ad-Hoc|ARM.ActiveCfg = Release|ARM
		{D4817B3D-8041-48BF-BC41-24833B440CB2}.Ad-Hoc|ARM.Build.0 = Release|ARM
		{D4817B3D-8041-48BF-BC41-24833B440CB2}.Ad-Hoc|ARM.Deploy.0 = Release|ARM
		{D4817B3D-8041-48BF-BC41-24833B440CB2}.Ad-Hoc|iPhone.ActiveCfg = Release|x86
		{D4817B3D-8041-48BF-BC41-24833B440CB2}.Ad-Hoc|iPhone.Build.0 = Release|x86
		{D4817B3D-8041-48BF-BC41-24833B440CB2}.Ad-Hoc|iPhone.Deploy.0 = Release|x86
		{D4817B3D-8041-48BF-BC41-24833B440CB2}.Ad-Hoc|iPhoneSimulator.ActiveCfg = Release|x86
		{D4817B3D-8041-48BF-BC41-24833B440CB2}.Ad-Hoc|iPhoneSimulator.Build.0 = Release|x86
		{D4817B3D-8041-48BF-BC41-24833B440CB2}.Ad-Hoc|iPhoneSimulator.Deploy.0 = Release|x86
		{D4817B3D-8041-48BF-BC41-24833B440CB2}.Ad-Hoc|x64.ActiveCfg = Release|x64
		{D4817B3D-8041-48BF-BC41-24833B440CB2}.Ad-Hoc|x64.Build.0 = Release|x64
		{D4817B3D-8041-48BF-BC41-24833B440CB2}.Ad-Hoc|x64.Deploy.0 = Release|x64
		{D4817B3D-8041-48BF-BC41-24833B440CB2}.Ad-Hoc|x86.ActiveCfg = Release|x86
		{D4817B3D-8041-48BF-BC41-24833B440CB2}.Ad-Hoc|x86.Build.0 = Release|x86
		{D4817B3D-8041-48BF-BC41-24833B440CB2}.Ad-Hoc|x86.Deploy.0 = Release|x86
		{D4817B3D-8041-48BF-BC41-24833B440CB2}.AppStore|Any CPU.ActiveCfg = Release|x86
		{D4817B3D-8041-48BF-BC41-24833B440CB2}.AppStore|Any CPU.Build.0 = Release|x86
		{D4817B3D-8041-48BF-BC41-24833B440CB2}.AppStore|Any CPU.Deploy.0 = Release|x86
		{D4817B3D-8041-48BF-BC41-24833B440CB2}.AppStore|ARM.ActiveCfg = Release|ARM
		{D4817B3D-8041-48BF-BC41-24833B440CB2}.AppStore|ARM.Build.0 = Release|ARM
		{D4817B3D-8041-48BF-BC41-24833B440CB2}.AppStore|ARM.Deploy.0 = Release|ARM
		{D4817B3D-8041-48BF-BC41-24833B440CB2}.AppStore|iPhone.ActiveCfg = Release|x86
		{D4817B3D-8041-48BF-BC41-24833B440CB2}.AppStore|iPhone.Build.0 = Release|x86
		{D4817B3D-8041-48BF-BC41-24833B440CB2}.AppStore|iPhone.Deploy.0 = Release|x86
		{D4817B3D-8041-48BF-BC41-24833B440CB2}.AppStore|iPhoneSimulator.ActiveCfg = Release|x86
		{D4817B3D-8041-48BF-BC41-24833B440CB2}.AppStore|iPhoneSimulator.Build.0 = Release|x86
		{D4817B3D-8041-48BF-BC41-24833B440CB2}.AppStore|iPhoneSimulator.Deploy.0 = Release|x86
		{D4817B3D-8041-48BF-BC41-24833B440CB2}.AppStore|x64.ActiveCfg = Release|x64
		{D4817B3D-8041-48BF-BC41-24833B440CB2}.AppStore|x64.Build.0 = Release|x64
		{D4817B3D-8041-48BF-BC41-24833B440CB2}.AppStore|x64.Deploy.0 = Release|x64
		{D4817B3D-8041-48BF-BC41-24833B440CB2}.AppStore|x86.ActiveCfg = Release|x86
		{D4817B3D-8041-48BF-BC41-24833B440CB2}.AppStore|x86.Build.0 = Release|x86
		{D4817B3D-8041-48BF-BC41-24833B440CB2}.AppStore|x86.Deploy.0 = Release|x86
		{D4817B3D-8041-48BF-BC41-24833B440CB2}.Debug|Any CPU.ActiveCfg = Debug|x86
		{D4817B3D-8041-48BF-BC41-24833B440CB2}.Debug|ARM.ActiveCfg = Debug|ARM
		{D4817B3D-8041-48BF-BC41-24833B440CB2}.Debug|ARM.Build.0 = Debug|ARM
		{D4817B3D-8041-48BF-BC41-24833B440CB2}.Debug|ARM.Deploy.0 = Debug|ARM
		{D4817B3D-8041-48BF-BC41-24833B440CB2}.Debug|iPhone.ActiveCfg = Debug|x86
		{D4817B3D-8041-48BF-BC41-24833B440CB2}.Debug|iPhoneSimulator.ActiveCfg = Debug|x86
		{D4817B3D-8041-48BF-BC41-24833B440CB2}.Debug|x64.ActiveCfg = Debug|x64
		{D4817B3D-8041-48BF-BC41-24833B440CB2}.Debug|x64.Build.0 = Debug|x64
		{D4817B3D-8041-48BF-BC41-24833B440CB2}.Debug|x64.Deploy.0 = Debug|x64
		{D4817B3D-8041-48BF-BC41-24833B440CB2}.Debug|x86.ActiveCfg = Debug|x86
		{D4817B3D-8041-48BF-BC41-24833B440CB2}.Debug|x86.Build.0 = Debug|x86
		{D4817B3D-8041-48BF-BC41-24833B440CB2}.Debug|x86.Deploy.0 = Debug|x86
		{D4817B3D-8041-48BF-BC41-24833B440CB2}.Release|Any CPU.ActiveCfg = Release|x86
		{D4817B3D-8041-48BF-BC41-24833B440CB2}.Release|ARM.ActiveCfg = Release|ARM
		{D4817B3D-8041-48BF-BC41-24833B440CB2}.Release|ARM.Build.0 = Release|ARM
		{D4817B3D-8041-48BF-BC41-24833B440CB2}.Release|ARM.Deploy.0 = Release|ARM
		{D4817B3D-8041-48BF-BC41-24833B440CB2}.Release|iPhone.ActiveCfg = Release|x86
		{D4817B3D-8041-48BF-BC41-24833B440CB2}.Release|iPhoneSimulator.ActiveCfg = Release|x86
		{D4817B3D-8041-48BF-BC41-24833B440CB2}.Release|x64.ActiveCfg = Release|x64
		{D4817B3D-8041-48BF-BC41-24833B440CB2}.Release|x64.Build.0 = Release|x64
		{D4817B3D-8041-48BF-BC41-24833B440CB2}.Release|x64.Deploy.0 = Release|x64
		{D4817B3D-8041-48BF-BC41-24833B440CB2}.Release|x86.ActiveCfg = Release|x86
		{D4817B3D-8041-48BF-BC41-24833B440CB2}.Release|x86.Build.0 = Release|x86
		{D4817B3D-8041-48BF-BC41-24833B440CB2}.Release|x86.Deploy.0 = Release|x86
		{C881EB30-0E6A-4E02-A140-E056DCCCC964}.Ad-Hoc|Any CPU.ActiveCfg = Release|Any CPU
		{C881EB30-0E6A-4E02-A140-E056DCCCC964}.Ad-Hoc|Any CPU.Build.0 = Release|Any CPU
		{C881EB30-0E6A-4E02-A140-E056DCCCC964}.Ad-Hoc|Any CPU.Deploy.0 = Release|Any CPU
		{C881EB30-0E6A-4E02-A140-E056DCCCC964}.Ad-Hoc|ARM.ActiveCfg = Release|ARM
		{C881EB30-0E6A-4E02-A140-E056DCCCC964}.Ad-Hoc|ARM.Build.0 = Release|ARM
		{C881EB30-0E6A-4E02-A140-E056DCCCC964}.Ad-Hoc|ARM.Deploy.0 = Release|ARM
		{C881EB30-0E6A-4E02-A140-E056DCCCC964}.Ad-Hoc|iPhone.ActiveCfg = Release|Any CPU
		{C881EB30-0E6A-4E02-A140-E056DCCCC964}.Ad-Hoc|iPhone.Build.0 = Release|Any CPU
		{C881EB30-0E6A-4E02-A140-E056DCCCC964}.Ad-Hoc|iPhone.Deploy.0 = Release|Any CPU
		{C881EB30-0E6A-4E02-A140-E056DCCCC964}.Ad-Hoc|iPhoneSimulator.ActiveCfg = Release|Any CPU
		{C881EB30-0E6A-4E02-A140-E056DCCCC964}.Ad-Hoc|iPhoneSimulator.Build.0 = Release|Any CPU
		{C881EB30-0E6A-4E02-A140-E056DCCCC964}.Ad-Hoc|iPhoneSimulator.Deploy.0 = Release|Any CPU
		{C881EB30-0E6A-4E02-A140-E056DCCCC964}.Ad-Hoc|x64.ActiveCfg = Release|x64
		{C881EB30-0E6A-4E02-A140-E056DCCCC964}.Ad-Hoc|x64.Build.0 = Release|x64
		{C881EB30-0E6A-4E02-A140-E056DCCCC964}.Ad-Hoc|x64.Deploy.0 = Release|x64
		{C881EB30-0E6A-4E02-A140-E056DCCCC964}.Ad-Hoc|x86.ActiveCfg = Release|x86
		{C881EB30-0E6A-4E02-A140-E056DCCCC964}.Ad-Hoc|x86.Build.0 = Release|x86
		{C881EB30-0E6A-4E02-A140-E056DCCCC964}.Ad-Hoc|x86.Deploy.0 = Release|x86
		{C881EB30-0E6A-4E02-A140-E056DCCCC964}.AppStore|Any CPU.ActiveCfg = Release|Any CPU
		{C881EB30-0E6A-4E02-A140-E056DCCCC964}.AppStore|Any CPU.Build.0 = Release|Any CPU
		{C881EB30-0E6A-4E02-A140-E056DCCCC964}.AppStore|Any CPU.Deploy.0 = Release|Any CPU
		{C881EB30-0E6A-4E02-A140-E056DCCCC964}.AppStore|ARM.ActiveCfg = Release|ARM
		{C881EB30-0E6A-4E02-A140-E056DCCCC964}.AppStore|ARM.Build.0 = Release|ARM
		{C881EB30-0E6A-4E02-A140-E056DCCCC964}.AppStore|ARM.Deploy.0 = Release|ARM
		{C881EB30-0E6A-4E02-A140-E056DCCCC964}.AppStore|iPhone.ActiveCfg = Release|Any CPU
		{C881EB30-0E6A-4E02-A140-E056DCCCC964}.AppStore|iPhone.Build.0 = Release|Any CPU
		{C881EB30-0E6A-4E02-A140-E056DCCCC964}.AppStore|iPhone.Deploy.0 = Release|Any CPU
		{C881EB30-0E6A-4E02-A140-E056DCCCC964}.AppStore|iPhoneSimulator.ActiveCfg = Release|Any CPU
		{C881EB30-0E6A-4E02-A140-E056DCCCC964}.AppStore|iPhoneSimulator.Build.0 = Release|Any CPU
		{C881EB30-0E6A-4E02-A140-E056DCCCC964}.AppStore|iPhoneSimulator.Deploy.0 = Release|Any CPU
		{C881EB30-0E6A-4E02-A140-E056DCCCC964}.AppStore|x64.ActiveCfg = Release|x64
		{C881EB30-0E6A-4E02-A140-E056DCCCC964}.AppStore|x64.Build.0 = Release|x64
		{C881EB30-0E6A-4E02-A140-E056DCCCC964}.AppStore|x64.Deploy.0 = Release|x64
		{C881EB30-0E6A-4E02-A140-E056DCCCC964}.AppStore|x86.ActiveCfg = Release|x86
		{C881EB30-0E6A-4E02-A140-E056DCCCC964}.AppStore|x86.Build.0 = Release|x86
		{C881EB30-0E6A-4E02-A140-E056DCCCC964}.AppStore|x86.Deploy.0 = Release|x86
		{C881EB30-0E6A-4E02-A140-E056DCCCC964}.Debug|Any CPU.ActiveCfg = Debug|Any CPU
		{C881EB30-0E6A-4E02-A140-E056DCCCC964}.Debug|Any CPU.Build.0 = Debug|Any CPU
		{C881EB30-0E6A-4E02-A140-E056DCCCC964}.Debug|Any CPU.Deploy.0 = Debug|Any CPU
		{C881EB30-0E6A-4E02-A140-E056DCCCC964}.Debug|ARM.ActiveCfg = Debug|ARM
		{C881EB30-0E6A-4E02-A140-E056DCCCC964}.Debug|ARM.Build.0 = Debug|ARM
		{C881EB30-0E6A-4E02-A140-E056DCCCC964}.Debug|ARM.Deploy.0 = Debug|ARM
		{C881EB30-0E6A-4E02-A140-E056DCCCC964}.Debug|iPhone.ActiveCfg = Debug|Any CPU
		{C881EB30-0E6A-4E02-A140-E056DCCCC964}.Debug|iPhone.Build.0 = Debug|Any CPU
		{C881EB30-0E6A-4E02-A140-E056DCCCC964}.Debug|iPhone.Deploy.0 = Debug|Any CPU
		{C881EB30-0E6A-4E02-A140-E056DCCCC964}.Debug|iPhoneSimulator.ActiveCfg = Debug|Any CPU
		{C881EB30-0E6A-4E02-A140-E056DCCCC964}.Debug|iPhoneSimulator.Build.0 = Debug|Any CPU
		{C881EB30-0E6A-4E02-A140-E056DCCCC964}.Debug|iPhoneSimulator.Deploy.0 = Debug|Any CPU
		{C881EB30-0E6A-4E02-A140-E056DCCCC964}.Debug|x64.ActiveCfg = Debug|x64
		{C881EB30-0E6A-4E02-A140-E056DCCCC964}.Debug|x64.Build.0 = Debug|x64
		{C881EB30-0E6A-4E02-A140-E056DCCCC964}.Debug|x64.Deploy.0 = Debug|x64
		{C881EB30-0E6A-4E02-A140-E056DCCCC964}.Debug|x86.ActiveCfg = Debug|x86
		{C881EB30-0E6A-4E02-A140-E056DCCCC964}.Debug|x86.Build.0 = Debug|x86
		{C881EB30-0E6A-4E02-A140-E056DCCCC964}.Debug|x86.Deploy.0 = Debug|x86
		{C881EB30-0E6A-4E02-A140-E056DCCCC964}.Release|Any CPU.ActiveCfg = Release|Any CPU
		{C881EB30-0E6A-4E02-A140-E056DCCCC964}.Release|Any CPU.Build.0 = Release|Any CPU
		{C881EB30-0E6A-4E02-A140-E056DCCCC964}.Release|Any CPU.Deploy.0 = Release|Any CPU
		{C881EB30-0E6A-4E02-A140-E056DCCCC964}.Release|ARM.ActiveCfg = Release|ARM
		{C881EB30-0E6A-4E02-A140-E056DCCCC964}.Release|ARM.Build.0 = Release|ARM
		{C881EB30-0E6A-4E02-A140-E056DCCCC964}.Release|ARM.Deploy.0 = Release|ARM
		{C881EB30-0E6A-4E02-A140-E056DCCCC964}.Release|iPhone.ActiveCfg = Release|Any CPU
		{C881EB30-0E6A-4E02-A140-E056DCCCC964}.Release|iPhone.Build.0 = Release|Any CPU
		{C881EB30-0E6A-4E02-A140-E056DCCCC964}.Release|iPhone.Deploy.0 = Release|Any CPU
		{C881EB30-0E6A-4E02-A140-E056DCCCC964}.Release|iPhoneSimulator.ActiveCfg = Release|Any CPU
		{C881EB30-0E6A-4E02-A140-E056DCCCC964}.Release|iPhoneSimulator.Build.0 = Release|Any CPU
		{C881EB30-0E6A-4E02-A140-E056DCCCC964}.Release|iPhoneSimulator.Deploy.0 = Release|Any CPU
		{C881EB30-0E6A-4E02-A140-E056DCCCC964}.Release|x64.ActiveCfg = Release|x64
		{C881EB30-0E6A-4E02-A140-E056DCCCC964}.Release|x64.Build.0 = Release|x64
		{C881EB30-0E6A-4E02-A140-E056DCCCC964}.Release|x64.Deploy.0 = Release|x64
		{C881EB30-0E6A-4E02-A140-E056DCCCC964}.Release|x86.ActiveCfg = Release|x86
		{C881EB30-0E6A-4E02-A140-E056DCCCC964}.Release|x86.Build.0 = Release|x86
		{C881EB30-0E6A-4E02-A140-E056DCCCC964}.Release|x86.Deploy.0 = Release|x86
	EndGlobalSection
	GlobalSection(SolutionProperties) = preSolution
		HideSolutionNode = FALSE
	EndGlobalSection
EndGlobal
